
Microsoft Visual Studio Solution File, Format Version 12.00
# Visual Studio Version 17
VisualStudioVersion = 17.13.35919.96
MinimumVisualStudioVersion = 10.0.40219.1
Project("{FAE04EC0-301F-11D3-BF4B-00C04F79EFBC}") = "ForGithub", "ForGithub\ForGithub.csproj", "{444CEADE-6910-42DB-9448-34EC4084B0F0}"
EndProject
Project("{FAE04EC0-301F-11D3-BF4B-00C04F79EFBC}") = "ProjectOne", "ProjectOne\ProjectOne.csproj", "{50EEF045-E09A-4E13-AA94-3D8CE61729E4}"
EndProject
Project("{FAE04EC0-301F-11D3-BF4B-00C04F79EFBC}") = "ConsoleApp1", "ConsoleApp1\ConsoleApp1.csproj", "{6DEA4207-D6D4-48E7-9AC3-CDBBF012C1C9}"
EndProject
Project("{FAE04EC0-301F-11D3-BF4B-00C04F79EFBC}") = "ConsoleApp2", "ConsoleApp2\ConsoleApp2.csproj", "{1B5AAF30-BB90-4580-B09B-6EBCC6215595}"
EndProject
Project("{FAE04EC0-301F-11D3-BF4B-00C04F79EFBC}") = "ConsoleApp3", "ConsoleApp3\ConsoleApp3.csproj", "{0ABB8811-3DC0-4693-AF2D-068B2DAD5CC5}"
EndProject
Project("{FAE04EC0-301F-11D3-BF4B-00C04F79EFBC}") = "ConsoleApp4", "ConsoleApp4\ConsoleApp4.csproj", "{125477A0-FBAB-4FE3-8870-48BD95E1E5DD}"
EndProject
Project("{FAE04EC0-301F-11D3-BF4B-00C04F79EFBC}") = "ConsoleApp5", "ConsoleApp5\ConsoleApp5.csproj", "{1090042A-7957-4EBC-80DC-EAFCC966AF12}"
EndProject
Project("{FAE04EC0-301F-11D3-BF4B-00C04F79EFBC}") = "ConsoleApp6", "ConsoleApp6\ConsoleApp6.csproj", "{564F5066-A6C4-40FC-8101-1568A81D8D4D}"
EndProject
Project("{FAE04EC0-301F-11D3-BF4B-00C04F79EFBC}") = "ConsoleApp7", "ConsoleApp7\ConsoleApp7.csproj", "{7E80E315-22F9-4784-BC67-872CF0231FDD}"
EndProject
Project("{FAE04EC0-301F-11D3-BF4B-00C04F79EFBC}") = "ConsoleApp8", "ConsoleApp8\ConsoleApp8.csproj", "{93C5E9D5-0A1D-454C-8A38-E9393DE5C5C9}"
EndProject
Project("{FAE04EC0-301F-11D3-BF4B-00C04F79EFBC}") = "ConsoleApp9", "ConsoleApp9\ConsoleApp9.csproj", "{A395BC11-DDC0-4D63-8857-501B28398FE3}"
EndProject
Global
	GlobalSection(SolutionConfigurationPlatforms) = preSolution
		Debug|Any CPU = Debug|Any CPU
		Release|Any CPU = Release|Any CPU
	EndGlobalSection
	GlobalSection(ProjectConfigurationPlatforms) = postSolution
		{444CEADE-6910-42DB-9448-34EC4084B0F0}.Debug|Any CPU.ActiveCfg = Debug|Any CPU
		{444CEADE-6910-42DB-9448-34EC4084B0F0}.Debug|Any CPU.Build.0 = Debug|Any CPU
		{444CEADE-6910-42DB-9448-34EC4084B0F0}.Release|Any CPU.ActiveCfg = Release|Any CPU
		{444CEADE-6910-42DB-9448-34EC4084B0F0}.Release|Any CPU.Build.0 = Release|Any CPU
		{50EEF045-E09A-4E13-AA94-3D8CE61729E4}.Debug|Any CPU.ActiveCfg = Debug|Any CPU
		{50EEF045-E09A-4E13-AA94-3D8CE61729E4}.Debug|Any CPU.Build.0 = Debug|Any CPU
		{50EEF045-E09A-4E13-AA94-3D8CE61729E4}.Release|Any CPU.ActiveCfg = Release|Any CPU
		{50EEF045-E09A-4E13-AA94-3D8CE61729E4}.Release|Any CPU.Build.0 = Release|Any CPU
		{6DEA4207-D6D4-48E7-9AC3-CDBBF012C1C9}.Debug|Any CPU.ActiveCfg = Debug|Any CPU
		{6DEA4207-D6D4-48E7-9AC3-CDBBF012C1C9}.Debug|Any CPU.Build.0 = Debug|Any CPU
		{6DEA4207-D6D4-48E7-9AC3-CDBBF012C1C9}.Release|Any CPU.ActiveCfg = Release|Any CPU
		{6DEA4207-D6D4-48E7-9AC3-CDBBF012C1C9}.Release|Any CPU.Build.0 = Release|Any CPU
		{1B5AAF30-BB90-4580-B09B-6EBCC6215595}.Debug|Any CPU.ActiveCfg = Debug|Any CPU
		{1B5AAF30-BB90-4580-B09B-6EBCC6215595}.Debug|Any CPU.Build.0 = Debug|Any CPU
		{1B5AAF30-BB90-4580-B09B-6EBCC6215595}.Release|Any CPU.ActiveCfg = Release|Any CPU
		{1B5AAF30-BB90-4580-B09B-6EBCC6215595}.Release|Any CPU.Build.0 = Release|Any CPU
		{0ABB8811-3DC0-4693-AF2D-068B2DAD5CC5}.Debug|Any CPU.ActiveCfg = Debug|Any CPU
		{0ABB8811-3DC0-4693-AF2D-068B2DAD5CC5}.Debug|Any CPU.Build.0 = Debug|Any CPU
		{0ABB8811-3DC0-4693-AF2D-068B2DAD5CC5}.Release|Any CPU.ActiveCfg = Release|Any CPU
		{0ABB8811-3DC0-4693-AF2D-068B2DAD5CC5}.Release|Any CPU.Build.0 = Release|Any CPU
		{125477A0-FBAB-4FE3-8870-48BD95E1E5DD}.Debug|Any CPU.ActiveCfg = Debug|Any CPU
		{125477A0-FBAB-4FE3-8870-48BD95E1E5DD}.Debug|Any CPU.Build.0 = Debug|Any CPU
		{125477A0-FBAB-4FE3-8870-48BD95E1E5DD}.Release|Any CPU.ActiveCfg = Release|Any CPU
		{125477A0-FBAB-4FE3-8870-48BD95E1E5DD}.Release|Any CPU.Build.0 = Release|Any CPU
		{1090042A-7957-4EBC-80DC-EAFCC966AF12}.Debug|Any CPU.ActiveCfg = Debug|Any CPU
		{1090042A-7957-4EBC-80DC-EAFCC966AF12}.Debug|Any CPU.Build.0 = Debug|Any CPU
		{1090042A-7957-4EBC-80DC-EAFCC966AF12}.Release|Any CPU.ActiveCfg = Release|Any CPU
		{1090042A-7957-4EBC-80DC-EAFCC966AF12}.Release|Any CPU.Build.0 = Release|Any CPU
		{564F5066-A6C4-40FC-8101-1568A81D8D4D}.Debug|Any CPU.ActiveCfg = Debug|Any CPU
		{564F5066-A6C4-40FC-8101-1568A81D8D4D}.Debug|Any CPU.Build.0 = Debug|Any CPU
		{564F5066-A6C4-40FC-8101-1568A81D8D4D}.Release|Any CPU.ActiveCfg = Release|Any CPU
		{564F5066-A6C4-40FC-8101-1568A81D8D4D}.Release|Any CPU.Build.0 = Release|Any CPU
		{7E80E315-22F9-4784-BC67-872CF0231FDD}.Debug|Any CPU.ActiveCfg = Debug|Any CPU
		{7E80E315-22F9-4784-BC67-872CF0231FDD}.Debug|Any CPU.Build.0 = Debug|Any CPU
		{7E80E315-22F9-4784-BC67-872CF0231FDD}.Release|Any CPU.ActiveCfg = Release|Any CPU
		{7E80E315-22F9-4784-BC67-872CF0231FDD}.Release|Any CPU.Build.0 = Release|Any CPU
		{93C5E9D5-0A1D-454C-8A38-E9393DE5C5C9}.Debug|Any CPU.ActiveCfg = Debug|Any CPU
		{93C5E9D5-0A1D-454C-8A38-E9393DE5C5C9}.Debug|Any CPU.Build.0 = Debug|Any CPU
		{93C5E9D5-0A1D-454C-8A38-E9393DE5C5C9}.Release|Any CPU.ActiveCfg = Release|Any CPU
		{93C5E9D5-0A1D-454C-8A38-E9393DE5C5C9}.Release|Any CPU.Build.0 = Release|Any CPU
		{A395BC11-DDC0-4D63-8857-501B28398FE3}.Debug|Any CPU.ActiveCfg = Debug|Any CPU
		{A395BC11-DDC0-4D63-8857-501B28398FE3}.Debug|Any CPU.Build.0 = Debug|Any CPU
		{A395BC11-DDC0-4D63-8857-501B28398FE3}.Release|Any CPU.ActiveCfg = Release|Any CPU
		{A395BC11-DDC0-4D63-8857-501B28398FE3}.Release|Any CPU.Build.0 = Release|Any CPU
	EndGlobalSection
	GlobalSection(SolutionProperties) = preSolution
		HideSolutionNode = FALSE
	EndGlobalSection
	GlobalSection(ExtensibilityGlobals) = postSolution
		SolutionGuid = {4E8BC4CB-D8E5-4363-AC70-FE8E50C915B7}
	EndGlobalSection
EndGlobal
