
Microsoft Visual Studio Solution File, Format Version 12.00
# Visual Studio Version 17
VisualStudioVersion = 17.13.35919.96
MinimumVisualStudioVersion = 10.0.40219.1
Project("{FAE04EC0-301F-11D3-BF4B-00C04F79EFBC}") = "ForGithub", "ForGithub\ForGithub.csproj", "{444CEADE-6910-42DB-9448-34EC4084B0F0}"
EndProject
Project("{FAE04EC0-301F-11D3-BF4B-00C04F79EFBC}") = "ProjectOne", "ProjectOne\ProjectOne.csproj", "{50EEF045-E09A-4E13-AA94-3D8CE61729E4}"
EndProject
Project("{FAE04EC0-301F-11D3-BF4B-00C04F79EFBC}") = "ConsoleApp1", "ConsoleApp1\ConsoleApp1.csproj", "{6DEA4207-D6D4-48E7-9AC3-CDBBF012C1C9}"
EndProject
Project("{FAE04EC0-301F-11D3-BF4B-00C04F79EFBC}") = "ConsoleApp2", "ConsoleApp2\ConsoleApp2.csproj", "{1B5AAF30-BB90-4580-B09B-6EBCC6215595}"
EndProject
Global
	GlobalSection(SolutionConfigurationPlatforms) = preSolution
		Debug|Any CPU = Debug|Any CPU
		Release|Any CPU = Release|Any CPU
	EndGlobalSection
	GlobalSection(ProjectConfigurationPlatforms) = postSolution
		{444CEADE-6910-42DB-9448-34EC4084B0F0}.Debug|Any CPU.ActiveCfg = Debug|Any CPU
		{444CEADE-6910-42DB-9448-34EC4084B0F0}.Debug|Any CPU.Build.0 = Debug|Any CPU
		{444CEADE-6910-42DB-9448-34EC4084B0F0}.Release|Any CPU.ActiveCfg = Release|Any CPU
		{444CEADE-6910-42DB-9448-34EC4084B0F0}.Release|Any CPU.Build.0 = Release|Any CPU
		{50EEF045-E09A-4E13-AA94-3D8CE61729E4}.Debug|Any CPU.ActiveCfg = Debug|Any CPU
		{50EEF045-E09A-4E13-AA94-3D8CE61729E4}.Debug|Any CPU.Build.0 = Debug|Any CPU
		{50EEF045-E09A-4E13-AA94-3D8CE61729E4}.Release|Any CPU.ActiveCfg = Release|Any CPU
		{50EEF045-E09A-4E13-AA94-3D8CE61729E4}.Release|Any CPU.Build.0 = Release|Any CPU
		{6DEA4207-D6D4-48E7-9AC3-CDBBF012C1C9}.Debug|Any CPU.ActiveCfg = Debug|Any CPU
		{6DEA4207-D6D4-48E7-9AC3-CDBBF012C1C9}.Debug|Any CPU.Build.0 = Debug|Any CPU
		{6DEA4207-D6D4-48E7-9AC3-CDBBF012C1C9}.Release|Any CPU.ActiveCfg = Release|Any CPU
		{6DEA4207-D6D4-48E7-9AC3-CDBBF012C1C9}.Release|Any CPU.Build.0 = Release|Any CPU
		{1B5AAF30-BB90-4580-B09B-6EBCC6215595}.Debug|Any CPU.ActiveCfg = Debug|Any CPU
		{1B5AAF30-BB90-4580-B09B-6EBCC6215595}.Debug|Any CPU.Build.0 = Debug|Any CPU
		{1B5AAF30-BB90-4580-B09B-6EBCC6215595}.Release|Any CPU.ActiveCfg = Release|Any CPU
		{1B5AAF30-BB90-4580-B09B-6EBCC6215595}.Release|Any CPU.Build.0 = Release|Any CPU
	EndGlobalSection
	GlobalSection(SolutionProperties) = preSolution
		HideSolutionNode = FALSE
	EndGlobalSection
	GlobalSection(ExtensibilityGlobals) = postSolution
		SolutionGuid = {4E8BC4CB-D8E5-4363-AC70-FE8E50C915B7}
	EndGlobalSection
EndGlobal
